
Microsoft Visual Studio Solution File, Format Version 12.00
# Visual Studio Version 17
VisualStudioVersion = 17.13.35818.85
MinimumVisualStudioVersion = 10.0.40219.1
Project("{FAE04EC0-301F-11D3-BF4B-00C04F79EFBC}") = "ProgettoApi", "ProgettoApi.csproj", "{12D82718-0993-457C-A4F7-942ECE5BD650}"
EndProject
Project("{FAE04EC0-301F-11D3-BF4B-00C04F79EFBC}") = "TestProject1", "..\..\..\..\OneDrive\Desktop\TestProject1\TestProject1.csproj", "{EBDC5A8C-5CF4-462C-BD91-CBB4A1504BD9}"
EndProject
Global
	GlobalSection(SolutionConfigurationPlatforms) = preSolution
		Debug|Any CPU = Debug|Any CPU
		Release|Any CPU = Release|Any CPU
	EndGlobalSection
	GlobalSection(ProjectConfigurationPlatforms) = postSolution
		{12D82718-0993-457C-A4F7-942ECE5BD650}.Debug|Any CPU.ActiveCfg = Debug|Any CPU
		{12D82718-0993-457C-A4F7-942ECE5BD650}.Debug|Any CPU.Build.0 = Debug|Any CPU
		{12D82718-0993-457C-A4F7-942ECE5BD650}.Release|Any CPU.ActiveCfg = Release|Any CPU
		{12D82718-0993-457C-A4F7-942ECE5BD650}.Release|Any CPU.Build.0 = Release|Any CPU
		{EBDC5A8C-5CF4-462C-BD91-CBB4A1504BD9}.Debug|Any CPU.ActiveCfg = Debug|Any CPU
		{EBDC5A8C-5CF4-462C-BD91-CBB4A1504BD9}.Debug|Any CPU.Build.0 = Debug|Any CPU
		{EBDC5A8C-5CF4-462C-BD91-CBB4A1504BD9}.Release|Any CPU.ActiveCfg = Release|Any CPU
		{EBDC5A8C-5CF4-462C-BD91-CBB4A1504BD9}.Release|Any CPU.Build.0 = Release|Any CPU
	EndGlobalSection
	GlobalSection(SolutionProperties) = preSolution
		HideSolutionNode = FALSE
	EndGlobalSection
	GlobalSection(ExtensibilityGlobals) = postSolution
		SolutionGuid = {0EC445B2-AF21-435E-9B16-3E9643AE8C1C}
	EndGlobalSection
EndGlobal
